
Microsoft Visual Studio Solution File, Format Version 11.00
# Visual Studio 2010
Project("{FAE04EC0-301F-11D3-BF4B-00C04F79EFBC}") = "Projekt Terrain", "Assembly-CSharp.csproj", "{6E686526-46B9-A3E6-5902-70650DCF2C2D}"
EndProject
Project("{FAE04EC0-301F-11D3-BF4B-00C04F79EFBC}") = "Projekt Terrain", "Assembly-CSharp-Editor.csproj", "{FD877BDF-E781-85E4-7472-7DBCC6CAD191}"
EndProject
Global
	GlobalSection(SolutionConfigurationPlatforms) = preSolution
		Debug|Any CPU = Debug|Any CPU
		Release|Any CPU = Release|Any CPU
	EndGlobalSection
	GlobalSection(ProjectConfigurationPlatforms) = postSolution
		{6E686526-46B9-A3E6-5902-70650DCF2C2D}.Debug|Any CPU.ActiveCfg = Debug|Any CPU
		{6E686526-46B9-A3E6-5902-70650DCF2C2D}.Debug|Any CPU.Build.0 = Debug|Any CPU
		{6E686526-46B9-A3E6-5902-70650DCF2C2D}.Release|Any CPU.ActiveCfg = Release|Any CPU
		{6E686526-46B9-A3E6-5902-70650DCF2C2D}.Release|Any CPU.Build.0 = Release|Any CPU
		{FD877BDF-E781-85E4-7472-7DBCC6CAD191}.Debug|Any CPU.ActiveCfg = Debug|Any CPU
		{FD877BDF-E781-85E4-7472-7DBCC6CAD191}.Debug|Any CPU.Build.0 = Debug|Any CPU
		{FD877BDF-E781-85E4-7472-7DBCC6CAD191}.Release|Any CPU.ActiveCfg = Release|Any CPU
		{FD877BDF-E781-85E4-7472-7DBCC6CAD191}.Release|Any CPU.Build.0 = Release|Any CPU
	EndGlobalSection
	GlobalSection(SolutionProperties) = preSolution
		HideSolutionNode = FALSE
	EndGlobalSection
	GlobalSection(MonoDevelopProperties) = preSolution
		StartupItem = Assembly-CSharp.csproj
	EndGlobalSection
EndGlobal
